
Microsoft Visual Studio Solution File, Format Version 12.00
# Visual Studio 2012
Project("{FAE04EC0-301F-11D3-BF4B-00C04F79EFBC}") = "CRToastSharp", "CRToastSharp.csproj", "{D1E16241-F64E-4C50-B383-9A6DB9C1C6BD}"
EndProject
Project("{FAE04EC0-301F-11D3-BF4B-00C04F79EFBC}") = "CRToastDemo", "CRToastDemo\CRToastDemo.csproj", "{8B7C59FD-665D-4247-911C-B03E34509668}"
EndProject
Project("{FAE04EC0-301F-11D3-BF4B-00C04F79EFBC}") = "CRToastDemo.UITests", "CRToastDemo.UITests\CRToastDemo.UITests.csproj", "{A47B0BE3-1A6C-4DE4-93C0-A336E3F59AED}"
EndProject
Global
	GlobalSection(SolutionConfigurationPlatforms) = preSolution
		Debug|Any CPU = Debug|Any CPU
		Release|Any CPU = Release|Any CPU
		Debug|iPhoneSimulator = Debug|iPhoneSimulator
		Release|iPhone = Release|iPhone
		Release|iPhoneSimulator = Release|iPhoneSimulator
		Debug|iPhone = Debug|iPhone
	EndGlobalSection
	GlobalSection(ProjectConfigurationPlatforms) = postSolution
		{8B7C59FD-665D-4247-911C-B03E34509668}.Debug|Any CPU.ActiveCfg = Debug|iPhoneSimulator
		{8B7C59FD-665D-4247-911C-B03E34509668}.Debug|Any CPU.Build.0 = Debug|iPhoneSimulator
		{8B7C59FD-665D-4247-911C-B03E34509668}.Debug|iPhone.ActiveCfg = Debug|iPhone
		{8B7C59FD-665D-4247-911C-B03E34509668}.Debug|iPhone.Build.0 = Debug|iPhone
		{8B7C59FD-665D-4247-911C-B03E34509668}.Debug|iPhoneSimulator.ActiveCfg = Debug|iPhoneSimulator
		{8B7C59FD-665D-4247-911C-B03E34509668}.Debug|iPhoneSimulator.Build.0 = Debug|iPhoneSimulator
		{8B7C59FD-665D-4247-911C-B03E34509668}.Release|Any CPU.ActiveCfg = Release|iPhone
		{8B7C59FD-665D-4247-911C-B03E34509668}.Release|Any CPU.Build.0 = Release|iPhone
		{8B7C59FD-665D-4247-911C-B03E34509668}.Release|iPhone.ActiveCfg = Release|iPhone
		{8B7C59FD-665D-4247-911C-B03E34509668}.Release|iPhone.Build.0 = Release|iPhone
		{8B7C59FD-665D-4247-911C-B03E34509668}.Release|iPhoneSimulator.ActiveCfg = Release|iPhoneSimulator
		{8B7C59FD-665D-4247-911C-B03E34509668}.Release|iPhoneSimulator.Build.0 = Release|iPhoneSimulator
		{A47B0BE3-1A6C-4DE4-93C0-A336E3F59AED}.Debug|Any CPU.ActiveCfg = Debug|Any CPU
		{A47B0BE3-1A6C-4DE4-93C0-A336E3F59AED}.Debug|Any CPU.Build.0 = Debug|Any CPU
		{A47B0BE3-1A6C-4DE4-93C0-A336E3F59AED}.Debug|iPhone.ActiveCfg = Debug|Any CPU
		{A47B0BE3-1A6C-4DE4-93C0-A336E3F59AED}.Debug|iPhone.Build.0 = Debug|Any CPU
		{A47B0BE3-1A6C-4DE4-93C0-A336E3F59AED}.Debug|iPhoneSimulator.ActiveCfg = Debug|Any CPU
		{A47B0BE3-1A6C-4DE4-93C0-A336E3F59AED}.Debug|iPhoneSimulator.Build.0 = Debug|Any CPU
		{A47B0BE3-1A6C-4DE4-93C0-A336E3F59AED}.Release|Any CPU.ActiveCfg = Release|Any CPU
		{A47B0BE3-1A6C-4DE4-93C0-A336E3F59AED}.Release|Any CPU.Build.0 = Release|Any CPU
		{A47B0BE3-1A6C-4DE4-93C0-A336E3F59AED}.Release|iPhone.ActiveCfg = Release|Any CPU
		{A47B0BE3-1A6C-4DE4-93C0-A336E3F59AED}.Release|iPhone.Build.0 = Release|Any CPU
		{A47B0BE3-1A6C-4DE4-93C0-A336E3F59AED}.Release|iPhoneSimulator.ActiveCfg = Release|Any CPU
		{A47B0BE3-1A6C-4DE4-93C0-A336E3F59AED}.Release|iPhoneSimulator.Build.0 = Release|Any CPU
		{D1E16241-F64E-4C50-B383-9A6DB9C1C6BD}.Debug|Any CPU.ActiveCfg = Debug|Any CPU
		{D1E16241-F64E-4C50-B383-9A6DB9C1C6BD}.Debug|Any CPU.Build.0 = Debug|Any CPU
		{D1E16241-F64E-4C50-B383-9A6DB9C1C6BD}.Debug|iPhone.ActiveCfg = Debug|Any CPU
		{D1E16241-F64E-4C50-B383-9A6DB9C1C6BD}.Debug|iPhone.Build.0 = Debug|Any CPU
		{D1E16241-F64E-4C50-B383-9A6DB9C1C6BD}.Debug|iPhoneSimulator.ActiveCfg = Debug|Any CPU
		{D1E16241-F64E-4C50-B383-9A6DB9C1C6BD}.Debug|iPhoneSimulator.Build.0 = Debug|Any CPU
		{D1E16241-F64E-4C50-B383-9A6DB9C1C6BD}.Release|Any CPU.ActiveCfg = Release|Any CPU
		{D1E16241-F64E-4C50-B383-9A6DB9C1C6BD}.Release|Any CPU.Build.0 = Release|Any CPU
		{D1E16241-F64E-4C50-B383-9A6DB9C1C6BD}.Release|iPhone.ActiveCfg = Release|Any CPU
		{D1E16241-F64E-4C50-B383-9A6DB9C1C6BD}.Release|iPhone.Build.0 = Release|Any CPU
		{D1E16241-F64E-4C50-B383-9A6DB9C1C6BD}.Release|iPhoneSimulator.ActiveCfg = Release|Any CPU
		{D1E16241-F64E-4C50-B383-9A6DB9C1C6BD}.Release|iPhoneSimulator.Build.0 = Release|Any CPU
	EndGlobalSection
EndGlobal
